
Microsoft Visual Studio Solution File, Format Version 12.00
# Visual Studio Version 17
VisualStudioVersion = 17.0.31912.275
MinimumVisualStudioVersion = 10.0.40219.1
Project("{FAE04EC0-301F-11D3-BF4B-00C04F79EFBC}") = "Telegam_bot", "Telegam_bot\Telegam_bot.csproj", "{14D8B97F-01FB-4CBC-A63E-495DBC6CF352}"
EndProject
Project("{FAE04EC0-301F-11D3-BF4B-00C04F79EFBC}") = "Countries", "Country\Countries.csproj", "{7AE4CF0C-9F11-4EC9-839A-982DA8FFAD6E}"
EndProject
Global
	GlobalSection(SolutionConfigurationPlatforms) = preSolution
		Debug|Any CPU = Debug|Any CPU
		Release|Any CPU = Release|Any CPU
	EndGlobalSection
	GlobalSection(ProjectConfigurationPlatforms) = postSolution
		{14D8B97F-01FB-4CBC-A63E-495DBC6CF352}.Debug|Any CPU.ActiveCfg = Debug|Any CPU
		{14D8B97F-01FB-4CBC-A63E-495DBC6CF352}.Debug|Any CPU.Build.0 = Debug|Any CPU
		{14D8B97F-01FB-4CBC-A63E-495DBC6CF352}.Release|Any CPU.ActiveCfg = Release|Any CPU
		{14D8B97F-01FB-4CBC-A63E-495DBC6CF352}.Release|Any CPU.Build.0 = Release|Any CPU
		{7AE4CF0C-9F11-4EC9-839A-982DA8FFAD6E}.Debug|Any CPU.ActiveCfg = Debug|Any CPU
		{7AE4CF0C-9F11-4EC9-839A-982DA8FFAD6E}.Debug|Any CPU.Build.0 = Debug|Any CPU
		{7AE4CF0C-9F11-4EC9-839A-982DA8FFAD6E}.Release|Any CPU.ActiveCfg = Release|Any CPU
		{7AE4CF0C-9F11-4EC9-839A-982DA8FFAD6E}.Release|Any CPU.Build.0 = Release|Any CPU
	EndGlobalSection
	GlobalSection(SolutionProperties) = preSolution
		HideSolutionNode = FALSE
	EndGlobalSection
	GlobalSection(ExtensibilityGlobals) = postSolution
		SolutionGuid = {F041CAB6-FAC0-401F-806A-0AA8E9577301}
	EndGlobalSection
EndGlobal
